
Microsoft Visual Studio Solution File, Format Version 12.00
# Visual Studio 15
VisualStudioVersion = 15.0.27130.2020
MinimumVisualStudioVersion = 10.0.40219.1
Project("{FAE04EC0-301F-11D3-BF4B-00C04F79EFBC}") = "VinayShoppingList2.0", "VinayShoppingList2.0\VinayShoppingList2.0.csproj", "{538C4DB8-FE4D-4487-891E-7F5BDD2F0B53}"
EndProject
Global
	GlobalSection(SolutionConfigurationPlatforms) = preSolution
		Debug|Any CPU = Debug|Any CPU
		Release|Any CPU = Release|Any CPU
	EndGlobalSection
	GlobalSection(ProjectConfigurationPlatforms) = postSolution
		{538C4DB8-FE4D-4487-891E-7F5BDD2F0B53}.Debug|Any CPU.ActiveCfg = Debug|Any CPU
		{538C4DB8-FE4D-4487-891E-7F5BDD2F0B53}.Debug|Any CPU.Build.0 = Debug|Any CPU
		{538C4DB8-FE4D-4487-891E-7F5BDD2F0B53}.Release|Any CPU.ActiveCfg = Release|Any CPU
		{538C4DB8-FE4D-4487-891E-7F5BDD2F0B53}.Release|Any CPU.Build.0 = Release|Any CPU
	EndGlobalSection
	GlobalSection(SolutionProperties) = preSolution
		HideSolutionNode = FALSE
	EndGlobalSection
	GlobalSection(ExtensibilityGlobals) = postSolution
		SolutionGuid = {7DAAD439-035A-4353-A0B6-A8AC5D45F9C7}
	EndGlobalSection
EndGlobal
